// !$*UTF8*$!
{
	archiveVersion = 1;
	classes = {
	};
	objectVersion = 77;
	objects = {

/* Begin PBXBuildFile section */
		49B3FE6F2D065B1E00FD2A93 /* OpenAI in Frameworks */ = {isa = PBXBuildFile; productRef = 49B3FE6E2D065B1E00FD2A93 /* OpenAI */; };
		49B3FE722D07862700FD2A93 /* Alamofire in Frameworks */ = {isa = PBXBuildFile; productRef = 49B3FE712D07862700FD2A93 /* Alamofire */; };
		49C7CD692D793E570024A4D6 /* FirebaseFirestore in Frameworks */ = {isa = PBXBuildFile; productRef = 49C7CD682D793E570024A4D6 /* FirebaseFirestore */; };
		49C7CD6C2D7BA81C0024A4D6 /* GoogleMobileAds in Frameworks */ = {isa = PBXBuildFile; productRef = 49C7CD6B2D7BA81C0024A4D6 /* GoogleMobileAds */; };
		49F141D12D5D50A7004A50C1 /* FirebaseAnalytics in Frameworks */ = {isa = PBXBuildFile; productRef = 49F141D02D5D50A7004A50C1 /* FirebaseAnalytics */; };
		49F141D32D5D50A7004A50C1 /* FirebaseAppCheck in Frameworks */ = {isa = PBXBuildFile; productRef = 49F141D22D5D50A7004A50C1 /* FirebaseAppCheck */; };
/* End PBXBuildFile section */

/* Begin PBXContainerItemProxy section */
		49B3FE4E2D065A3600FD2A93 /* PBXContainerItemProxy */ = {
			isa = PBXContainerItemProxy;
			containerPortal = 49B3FE352D065A3400FD2A93 /* Project object */;
			proxyType = 1;
			remoteGlobalIDString = 49B3FE3C2D065A3400FD2A93;
			remoteInfo = Harpie;
		};
		49B3FE582D065A3600FD2A93 /* PBXContainerItemProxy */ = {
			isa = PBXContainerItemProxy;
			containerPortal = 49B3FE352D065A3400FD2A93 /* Project object */;
			proxyType = 1;
			remoteGlobalIDString = 49B3FE3C2D065A3400FD2A93;
			remoteInfo = Harpie;
		};
/* End PBXContainerItemProxy section */

/* Begin PBXFileReference section */
		49B3FE3D2D065A3400FD2A93 /* Quick Mix.app */ = {isa = PBXFileReference; explicitFileType = wrapper.application; includeInIndex = 0; path = "Quick Mix.app"; sourceTree = BUILT_PRODUCTS_DIR; };
		49B3FE4D2D065A3600FD2A93 /* HarpieTests.xctest */ = {isa = PBXFileReference; explicitFileType = wrapper.cfbundle; includeInIndex = 0; path = HarpieTests.xctest; sourceTree = BUILT_PRODUCTS_DIR; };
		49B3FE572D065A3600FD2A93 /* HarpieUITests.xctest */ = {isa = PBXFileReference; explicitFileType = wrapper.cfbundle; includeInIndex = 0; path = HarpieUITests.xctest; sourceTree = BUILT_PRODUCTS_DIR; };
/* End PBXFileReference section */

/* Begin PBXFileSystemSynchronizedBuildFileExceptionSet section */
		49C7CD702D7BB1560024A4D6 /* Exceptions for "Harpie" folder in "Harpie" target */ = {
			isa = PBXFileSystemSynchronizedBuildFileExceptionSet;
			membershipExceptions = (
				Info.plist,
			);
			target = 49B3FE3C2D065A3400FD2A93 /* Harpie */;
		};
/* End PBXFileSystemSynchronizedBuildFileExceptionSet section */

/* Begin PBXFileSystemSynchronizedRootGroup section */
		49B3FE3F2D065A3400FD2A93 /* Harpie */ = {
			isa = PBXFileSystemSynchronizedRootGroup;
			exceptions = (
				49C7CD702D7BB1560024A4D6 /* Exceptions for "Harpie" folder in "Harpie" target */,
			);
			path = Harpie;
			sourceTree = "<group>";
		};
		49B3FE502D065A3600FD2A93 /* HarpieTests */ = {
			isa = PBXFileSystemSynchronizedRootGroup;
			path = HarpieTests;
			sourceTree = "<group>";
		};
		49B3FE5A2D065A3600FD2A93 /* HarpieUITests */ = {
			isa = PBXFileSystemSynchronizedRootGroup;
			path = HarpieUITests;
			sourceTree = "<group>";
		};
/* End PBXFileSystemSynchronizedRootGroup section */

/* Begin PBXFrameworksBuildPhase section */
		49B3FE3A2D065A3400FD2A93 /* Frameworks */ = {
			isa = PBXFrameworksBuildPhase;
			buildActionMask = 2147483647;
			files = (
				49C7CD6C2D7BA81C0024A4D6 /* GoogleMobileAds in Frameworks */,
				49F141D32D5D50A7004A50C1 /* FirebaseAppCheck in Frameworks */,
				49B3FE6F2D065B1E00FD2A93 /* OpenAI in Frameworks */,
				49B3FE722D07862700FD2A93 /* Alamofire in Frameworks */,
				49C7CD692D793E570024A4D6 /* FirebaseFirestore in Frameworks */,
				49F141D12D5D50A7004A50C1 /* FirebaseAnalytics in Frameworks */,
			);
			runOnlyForDeploymentPostprocessing = 0;
		};
		49B3FE4A2D065A3600FD2A93 /* Frameworks */ = {
			isa = PBXFrameworksBuildPhase;
			buildActionMask = 2147483647;
			files = (
			);
			runOnlyForDeploymentPostprocessing = 0;
		};
		49B3FE542D065A3600FD2A93 /* Frameworks */ = {
			isa = PBXFrameworksBuildPhase;
			buildActionMask = 2147483647;
			files = (
			);
			runOnlyForDeploymentPostprocessing = 0;
		};
/* End PBXFrameworksBuildPhase section */

/* Begin PBXGroup section */
		49B3FE342D065A3400FD2A93 = {
			isa = PBXGroup;
			children = (
				49B3FE3F2D065A3400FD2A93 /* Harpie */,
				49B3FE502D065A3600FD2A93 /* HarpieTests */,
				49B3FE5A2D065A3600FD2A93 /* HarpieUITests */,
				49B3FE3E2D065A3400FD2A93 /* Products */,
			);
			sourceTree = "<group>";
		};
		49B3FE3E2D065A3400FD2A93 /* Products */ = {
			isa = PBXGroup;
			children = (
				49B3FE3D2D065A3400FD2A93 /* Quick Mix.app */,
				49B3FE4D2D065A3600FD2A93 /* HarpieTests.xctest */,
				49B3FE572D065A3600FD2A93 /* HarpieUITests.xctest */,
			);
			name = Products;
			sourceTree = "<group>";
		};
/* End PBXGroup section */

/* Begin PBXNativeTarget section */
		49B3FE3C2D065A3400FD2A93 /* Harpie */ = {
			isa = PBXNativeTarget;
			buildConfigurationList = 49B3FE612D065A3600FD2A93 /* Build configuration list for PBXNativeTarget "Harpie" */;
			buildPhases = (
				49B3FE392D065A3400FD2A93 /* Sources */,
				49B3FE3A2D065A3400FD2A93 /* Frameworks */,
				49B3FE3B2D065A3400FD2A93 /* Resources */,
			);
			buildRules = (
			);
			dependencies = (
			);
			fileSystemSynchronizedGroups = (
				49B3FE3F2D065A3400FD2A93 /* Harpie */,
			);
			name = Harpie;
			packageProductDependencies = (
				49B3FE6E2D065B1E00FD2A93 /* OpenAI */,
				49B3FE712D07862700FD2A93 /* Alamofire */,
				49F141D02D5D50A7004A50C1 /* FirebaseAnalytics */,
				49F141D22D5D50A7004A50C1 /* FirebaseAppCheck */,
				49C7CD682D793E570024A4D6 /* FirebaseFirestore */,
				49C7CD6B2D7BA81C0024A4D6 /* GoogleMobileAds */,
			);
			productName = Harpie;
			productReference = 49B3FE3D2D065A3400FD2A93 /* Quick Mix.app */;
			productType = "com.apple.product-type.application";
		};
		49B3FE4C2D065A3600FD2A93 /* HarpieTests */ = {
			isa = PBXNativeTarget;
			buildConfigurationList = 49B3FE642D065A3600FD2A93 /* Build configuration list for PBXNativeTarget "HarpieTests" */;
			buildPhases = (
				49B3FE492D065A3600FD2A93 /* Sources */,
				49B3FE4A2D065A3600FD2A93 /* Frameworks */,
				49B3FE4B2D065A3600FD2A93 /* Resources */,
			);
			buildRules = (
			);
			dependencies = (
				49B3FE4F2D065A3600FD2A93 /* PBXTargetDependency */,
			);
			fileSystemSynchronizedGroups = (
				49B3FE502D065A3600FD2A93 /* HarpieTests */,
			);
			name = HarpieTests;
			packageProductDependencies = (
			);
			productName = HarpieTests;
			productReference = 49B3FE4D2D065A3600FD2A93 /* HarpieTests.xctest */;
			productType = "com.apple.product-type.bundle.unit-test";
		};
		49B3FE562D065A3600FD2A93 /* HarpieUITests */ = {
			isa = PBXNativeTarget;
			buildConfigurationList = 49B3FE672D065A3600FD2A93 /* Build configuration list for PBXNativeTarget "HarpieUITests" */;
			buildPhases = (
				49B3FE532D065A3600FD2A93 /* Sources */,
				49B3FE542D065A3600FD2A93 /* Frameworks */,
				49B3FE552D065A3600FD2A93 /* Resources */,
			);
			buildRules = (
			);
			dependencies = (
				49B3FE592D065A3600FD2A93 /* PBXTargetDependency */,
			);
			fileSystemSynchronizedGroups = (
				49B3FE5A2D065A3600FD2A93 /* HarpieUITests */,
			);
			name = HarpieUITests;
			packageProductDependencies = (
			);
			productName = HarpieUITests;
			productReference = 49B3FE572D065A3600FD2A93 /* HarpieUITests.xctest */;
			productType = "com.apple.product-type.bundle.ui-testing";
		};
/* End PBXNativeTarget section */

/* Begin PBXProject section */
		49B3FE352D065A3400FD2A93 /* Project object */ = {
			isa = PBXProject;
			attributes = {
				BuildIndependentTargetsInParallel = 1;
				LastSwiftUpdateCheck = 1610;
				LastUpgradeCheck = 1610;
				TargetAttributes = {
					49B3FE3C2D065A3400FD2A93 = {
						CreatedOnToolsVersion = 16.1;
					};
					49B3FE4C2D065A3600FD2A93 = {
						CreatedOnToolsVersion = 16.1;
						TestTargetID = 49B3FE3C2D065A3400FD2A93;
					};
					49B3FE562D065A3600FD2A93 = {
						CreatedOnToolsVersion = 16.1;
						TestTargetID = 49B3FE3C2D065A3400FD2A93;
					};
				};
			};
			buildConfigurationList = 49B3FE382D065A3400FD2A93 /* Build configuration list for PBXProject "Harpie" */;
			developmentRegion = en;
			hasScannedForEncodings = 0;
			knownRegions = (
				en,
				Base,
			);
			mainGroup = 49B3FE342D065A3400FD2A93;
			minimizedProjectReferenceProxies = 1;
			packageReferences = (
				49B3FE6D2D065B1E00FD2A93 /* XCRemoteSwiftPackageReference "OpenAI" */,
				49B3FE702D07862700FD2A93 /* XCRemoteSwiftPackageReference "Alamofire" */,
				49F141CF2D5D50A7004A50C1 /* XCRemoteSwiftPackageReference "firebase-ios-sdk" */,
				49C7CD6A2D7BA81C0024A4D6 /* XCRemoteSwiftPackageReference "swift-package-manager-google-mobile-ads" */,
			);
			preferredProjectObjectVersion = 77;
			productRefGroup = 49B3FE3E2D065A3400FD2A93 /* Products */;
			projectDirPath = "";
			projectRoot = "";
			targets = (
				49B3FE3C2D065A3400FD2A93 /* Harpie */,
				49B3FE4C2D065A3600FD2A93 /* HarpieTests */,
				49B3FE562D065A3600FD2A93 /* HarpieUITests */,
			);
		};
/* End PBXProject section */

/* Begin PBXResourcesBuildPhase section */
		49B3FE3B2D065A3400FD2A93 /* Resources */ = {
			isa = PBXResourcesBuildPhase;
			buildActionMask = 2147483647;
			files = (
			);
			runOnlyForDeploymentPostprocessing = 0;
		};
		49B3FE4B2D065A3600FD2A93 /* Resources */ = {
			isa = PBXResourcesBuildPhase;
			buildActionMask = 2147483647;
			files = (
			);
			runOnlyForDeploymentPostprocessing = 0;
		};
		49B3FE552D065A3600FD2A93 /* Resources */ = {
			isa = PBXResourcesBuildPhase;
			buildActionMask = 2147483647;
			files = (
			);
			runOnlyForDeploymentPostprocessing = 0;
		};
/* End PBXResourcesBuildPhase section */

/* Begin PBXSourcesBuildPhase section */
		49B3FE392D065A3400FD2A93 /* Sources */ = {
			isa = PBXSourcesBuildPhase;
			buildActionMask = 2147483647;
			files = (
			);
			runOnlyForDeploymentPostprocessing = 0;
		};
		49B3FE492D065A3600FD2A93 /* Sources */ = {
			isa = PBXSourcesBuildPhase;
			buildActionMask = 2147483647;
			files = (
			);
			runOnlyForDeploymentPostprocessing = 0;
		};
		49B3FE532D065A3600FD2A93 /* Sources */ = {
			isa = PBXSourcesBuildPhase;
			buildActionMask = 2147483647;
			files = (
			);
			runOnlyForDeploymentPostprocessing = 0;
		};
/* End PBXSourcesBuildPhase section */

/* Begin PBXTargetDependency section */
		49B3FE4F2D065A3600FD2A93 /* PBXTargetDependency */ = {
			isa = PBXTargetDependency;
			target = 49B3FE3C2D065A3400FD2A93 /* Harpie */;
			targetProxy = 49B3FE4E2D065A3600FD2A93 /* PBXContainerItemProxy */;
		};
		49B3FE592D065A3600FD2A93 /* PBXTargetDependency */ = {
			isa = PBXTargetDependency;
			target = 49B3FE3C2D065A3400FD2A93 /* Harpie */;
			targetProxy = 49B3FE582D065A3600FD2A93 /* PBXContainerItemProxy */;
		};
/* End PBXTargetDependency section */

/* Begin XCBuildConfiguration section */
		49B3FE5F2D065A3600FD2A93 /* Debug */ = {
			isa = XCBuildConfiguration;
			buildSettings = {
				ALWAYS_SEARCH_USER_PATHS = NO;
				ASSETCATALOG_COMPILER_GENERATE_SWIFT_ASSET_SYMBOL_EXTENSIONS = YES;
				CLANG_ANALYZER_NONNULL = YES;
				CLANG_ANALYZER_NUMBER_OBJECT_CONVERSION = YES_AGGRESSIVE;
				CLANG_CXX_LANGUAGE_STANDARD = "gnu++20";
				CLANG_ENABLE_MODULES = YES;
				CLANG_ENABLE_OBJC_ARC = YES;
				CLANG_ENABLE_OBJC_WEAK = YES;
				CLANG_WARN_BLOCK_CAPTURE_AUTORELEASING = YES;
				CLANG_WARN_BOOL_CONVERSION = YES;
				CLANG_WARN_COMMA = YES;
				CLANG_WARN_CONSTANT_CONVERSION = YES;
				CLANG_WARN_DEPRECATED_OBJC_IMPLEMENTATIONS = YES;
				CLANG_WARN_DIRECT_OBJC_ISA_USAGE = YES_ERROR;
				CLANG_WARN_DOCUMENTATION_COMMENTS = YES;
				CLANG_WARN_EMPTY_BODY = YES;
				CLANG_WARN_ENUM_CONVERSION = YES;
				CLANG_WARN_INFINITE_RECURSION = YES;
				CLANG_WARN_INT_CONVERSION = YES;
				CLANG_WARN_NON_LITERAL_NULL_CONVERSION = YES;
				CLANG_WARN_OBJC_IMPLICIT_RETAIN_SELF = YES;
				CLANG_WARN_OBJC_LITERAL_CONVERSION = YES;
				CLANG_WARN_OBJC_ROOT_CLASS = YES_ERROR;
				CLANG_WARN_QUOTED_INCLUDE_IN_FRAMEWORK_HEADER = YES;
				CLANG_WARN_RANGE_LOOP_ANALYSIS = YES;
				CLANG_WARN_STRICT_PROTOTYPES = YES;
				CLANG_WARN_SUSPICIOUS_MOVE = YES;
				CLANG_WARN_UNGUARDED_AVAILABILITY = YES_AGGRESSIVE;
				CLANG_WARN_UNREACHABLE_CODE = YES;
				CLANG_WARN__DUPLICATE_METHOD_MATCH = YES;
				COPY_PHASE_STRIP = NO;
				DEBUG_INFORMATION_FORMAT = "dwarf-with-dsym";
				ENABLE_STRICT_OBJC_MSGSEND = YES;
				ENABLE_TESTABILITY = YES;
				ENABLE_USER_SCRIPT_SANDBOXING = YES;
				GCC_C_LANGUAGE_STANDARD = gnu17;
				GCC_DYNAMIC_NO_PIC = NO;
				GCC_NO_COMMON_BLOCKS = YES;
				GCC_OPTIMIZATION_LEVEL = 0;
				GCC_PREPROCESSOR_DEFINITIONS = (
					"DEBUG=1",
					"$(inherited)",
				);
				GCC_WARN_64_TO_32_BIT_CONVERSION = YES;
				GCC_WARN_ABOUT_RETURN_TYPE = YES_ERROR;
				GCC_WARN_UNDECLARED_SELECTOR = YES;
				GCC_WARN_UNINITIALIZED_AUTOS = YES_AGGRESSIVE;
				GCC_WARN_UNUSED_FUNCTION = YES;
				GCC_WARN_UNUSED_VARIABLE = YES;
				IPHONEOS_DEPLOYMENT_TARGET = 18.1;
				LOCALIZATION_PREFERS_STRING_CATALOGS = YES;
				MTL_ENABLE_DEBUG_INFO = INCLUDE_SOURCE;
				MTL_FAST_MATH = YES;
				ONLY_ACTIVE_ARCH = YES;
				SDKROOT = iphoneos;
				SWIFT_ACTIVE_COMPILATION_CONDITIONS = "DEBUG $(inherited)";
				SWIFT_OPTIMIZATION_LEVEL = "-Onone";
			};
			name = Debug;
		};
		49B3FE602D065A3600FD2A93 /* Release */ = {
			isa = XCBuildConfiguration;
			buildSettings = {
				ALWAYS_SEARCH_USER_PATHS = NO;
				ASSETCATALOG_COMPILER_GENERATE_SWIFT_ASSET_SYMBOL_EXTENSIONS = YES;
				CLANG_ANALYZER_NONNULL = YES;
				CLANG_ANALYZER_NUMBER_OBJECT_CONVERSION = YES_AGGRESSIVE;
				CLANG_CXX_LANGUAGE_STANDARD = "gnu++20";
				CLANG_ENABLE_MODULES = YES;
				CLANG_ENABLE_OBJC_ARC = YES;
				CLANG_ENABLE_OBJC_WEAK = YES;
				CLANG_WARN_BLOCK_CAPTURE_AUTORELEASING = YES;
				CLANG_WARN_BOOL_CONVERSION = YES;
				CLANG_WARN_COMMA = YES;
				CLANG_WARN_CONSTANT_CONVERSION = YES;
				CLANG_WARN_DEPRECATED_OBJC_IMPLEMENTATIONS = YES;
				CLANG_WARN_DIRECT_OBJC_ISA_USAGE = YES_ERROR;
				CLANG_WARN_DOCUMENTATION_COMMENTS = YES;
				CLANG_WARN_EMPTY_BODY = YES;
				CLANG_WARN_ENUM_CONVERSION = YES;
				CLANG_WARN_INFINITE_RECURSION = YES;
				CLANG_WARN_INT_CONVERSION = YES;
				CLANG_WARN_NON_LITERAL_NULL_CONVERSION = YES;
				CLANG_WARN_OBJC_IMPLICIT_RETAIN_SELF = YES;
				CLANG_WARN_OBJC_LITERAL_CONVERSION = YES;
				CLANG_WARN_OBJC_ROOT_CLASS = YES_ERROR;
				CLANG_WARN_QUOTED_INCLUDE_IN_FRAMEWORK_HEADER = YES;
				CLANG_WARN_RANGE_LOOP_ANALYSIS = YES;
				CLANG_WARN_STRICT_PROTOTYPES = YES;
				CLANG_WARN_SUSPICIOUS_MOVE = YES;
				CLANG_WARN_UNGUARDED_AVAILABILITY = YES_AGGRESSIVE;
				CLANG_WARN_UNREACHABLE_CODE = YES;
				CLANG_WARN__DUPLICATE_METHOD_MATCH = YES;
				COPY_PHASE_STRIP = NO;
				DEBUG_INFORMATION_FORMAT = "dwarf-with-dsym";
				ENABLE_NS_ASSERTIONS = NO;
				ENABLE_STRICT_OBJC_MSGSEND = YES;
				ENABLE_USER_SCRIPT_SANDBOXING = YES;
				GCC_C_LANGUAGE_STANDARD = gnu17;
				GCC_NO_COMMON_BLOCKS = YES;
				GCC_WARN_64_TO_32_BIT_CONVERSION = YES;
				GCC_WARN_ABOUT_RETURN_TYPE = YES_ERROR;
				GCC_WARN_UNDECLARED_SELECTOR = YES;
				GCC_WARN_UNINITIALIZED_AUTOS = YES_AGGRESSIVE;
				GCC_WARN_UNUSED_FUNCTION = YES;
				GCC_WARN_UNUSED_VARIABLE = YES;
				IPHONEOS_DEPLOYMENT_TARGET = 18.1;
				LOCALIZATION_PREFERS_STRING_CATALOGS = YES;
				MTL_ENABLE_DEBUG_INFO = NO;
				MTL_FAST_MATH = YES;
				SDKROOT = iphoneos;
				SWIFT_COMPILATION_MODE = wholemodule;
				VALIDATE_PRODUCT = YES;
			};
			name = Release;
		};
		49B3FE622D065A3600FD2A93 /* Debug */ = {
			isa = XCBuildConfiguration;
			buildSettings = {
				ASSETCATALOG_COMPILER_APPICON_NAME = AppIcon;
				ASSETCATALOG_COMPILER_GLOBAL_ACCENT_COLOR_NAME = AccentColor;
				CODE_SIGN_STYLE = Automatic;
				CURRENT_PROJECT_VERSION = 7;
				DEVELOPMENT_ASSET_PATHS = "\"Harpie/Preview Content\"";
				DEVELOPMENT_TEAM = JG2J3QAPHJ;
				ENABLE_PREVIEWS = YES;
				GENERATE_INFOPLIST_FILE = YES;
				INFOPLIST_FILE = Harpie/Info.plist;
				INFOPLIST_KEY_CFBundleDisplayName = "Quick Mix: AI Generated Playlists";
				INFOPLIST_KEY_LSApplicationCategoryType = "public.app-category.music";
				INFOPLIST_KEY_UIApplicationSceneManifest_Generation = YES;
				INFOPLIST_KEY_UIApplicationSupportsIndirectInputEvents = YES;
				INFOPLIST_KEY_UILaunchScreen_Generation = YES;
				INFOPLIST_KEY_UIStatusBarStyle = UIStatusBarStyleDarkContent;
				INFOPLIST_KEY_UISupportedInterfaceOrientations = UIInterfaceOrientationPortrait;
				INFOPLIST_KEY_UISupportedInterfaceOrientations_iPad = "UIInterfaceOrientationLandscapeLeft UIInterfaceOrientationLandscapeRight UIInterfaceOrientationPortrait UIInterfaceOrientationPortraitUpsideDown";
				IPHONEOS_DEPLOYMENT_TARGET = 17.6;
				LD_RUNPATH_SEARCH_PATHS = (
					"$(inherited)",
					"@executable_path/Frameworks",
				);
				MARKETING_VERSION = 1.0;
				OTHER_LDFLAGS = "-ObjC";
				PRODUCT_BUNDLE_IDENTIFIER = com.gerardogallegos.musicgen;
				PRODUCT_NAME = "Quick Mix";
				SWIFT_EMIT_LOC_STRINGS = YES;
				SWIFT_VERSION = 5.0;
				TARGETED_DEVICE_FAMILY = "1,2";
			};
			name = Debug;
		};
		49B3FE632D065A3600FD2A93 /* Release */ = {
			isa = XCBuildConfiguration;
			buildSettings = {
				ASSETCATALOG_COMPILER_APPICON_NAME = AppIcon;
				ASSETCATALOG_COMPILER_GLOBAL_ACCENT_COLOR_NAME = AccentColor;
				CODE_SIGN_STYLE = Automatic;
				CURRENT_PROJECT_VERSION = 7;
				DEVELOPMENT_ASSET_PATHS = "\"Harpie/Preview Content\"";
				DEVELOPMENT_TEAM = JG2J3QAPHJ;
				ENABLE_PREVIEWS = YES;
				GENERATE_INFOPLIST_FILE = YES;
				INFOPLIST_FILE = Harpie/Info.plist;
				INFOPLIST_KEY_CFBundleDisplayName = "Quick Mix: AI Generated Playlists";
				INFOPLIST_KEY_LSApplicationCategoryType = "public.app-category.music";
				INFOPLIST_KEY_UIApplicationSceneManifest_Generation = YES;
				INFOPLIST_KEY_UIApplicationSupportsIndirectInputEvents = YES;
				INFOPLIST_KEY_UILaunchScreen_Generation = YES;
				INFOPLIST_KEY_UIStatusBarStyle = UIStatusBarStyleDarkContent;
				INFOPLIST_KEY_UISupportedInterfaceOrientations = UIInterfaceOrientationPortrait;
				INFOPLIST_KEY_UISupportedInterfaceOrientations_iPad = "UIInterfaceOrientationLandscapeLeft UIInterfaceOrientationLandscapeRight UIInterfaceOrientationPortrait UIInterfaceOrientationPortraitUpsideDown";
				IPHONEOS_DEPLOYMENT_TARGET = 17.6;
				LD_RUNPATH_SEARCH_PATHS = (
					"$(inherited)",
					"@executable_path/Frameworks",
				);
				MARKETING_VERSION = 1.0;
				OTHER_LDFLAGS = "-ObjC";
				PRODUCT_BUNDLE_IDENTIFIER = com.gerardogallegos.musicgen;
				PRODUCT_NAME = "Quick Mix";
				SWIFT_EMIT_LOC_STRINGS = YES;
				SWIFT_VERSION = 5.0;
				TARGETED_DEVICE_FAMILY = "1,2";
			};
			name = Release;
		};
		49B3FE652D065A3600FD2A93 /* Debug */ = {
			isa = XCBuildConfiguration;
			buildSettings = {
				BUNDLE_LOADER = "$(TEST_HOST)";
				CODE_SIGN_STYLE = Automatic;
				CURRENT_PROJECT_VERSION = 1;
				DEVELOPMENT_TEAM = JG2J3QAPHJ;
				GENERATE_INFOPLIST_FILE = YES;
				IPHONEOS_DEPLOYMENT_TARGET = 18.1;
				MARKETING_VERSION = 1.0;
				PRODUCT_BUNDLE_IDENTIFIER = com.gerardogallegos.HarpieTests;
				PRODUCT_NAME = "$(TARGET_NAME)";
				SWIFT_EMIT_LOC_STRINGS = NO;
				SWIFT_VERSION = 5.0;
				TARGETED_DEVICE_FAMILY = "1,2";
				TEST_HOST = "$(BUILT_PRODUCTS_DIR)/Harpie.app/$(BUNDLE_EXECUTABLE_FOLDER_PATH)/Harpie";
			};
			name = Debug;
		};
		49B3FE662D065A3600FD2A93 /* Release */ = {
			isa = XCBuildConfiguration;
			buildSettings = {
				BUNDLE_LOADER = "$(TEST_HOST)";
				CODE_SIGN_STYLE = Automatic;
				CURRENT_PROJECT_VERSION = 1;
				DEVELOPMENT_TEAM = JG2J3QAPHJ;
				GENERATE_INFOPLIST_FILE = YES;
				IPHONEOS_DEPLOYMENT_TARGET = 18.1;
				MARKETING_VERSION = 1.0;
				PRODUCT_BUNDLE_IDENTIFIER = com.gerardogallegos.HarpieTests;
				PRODUCT_NAME = "$(TARGET_NAME)";
				SWIFT_EMIT_LOC_STRINGS = NO;
				SWIFT_VERSION = 5.0;
				TARGETED_DEVICE_FAMILY = "1,2";
				TEST_HOST = "$(BUILT_PRODUCTS_DIR)/Harpie.app/$(BUNDLE_EXECUTABLE_FOLDER_PATH)/Harpie";
			};
			name = Release;
		};
		49B3FE682D065A3600FD2A93 /* Debug */ = {
			isa = XCBuildConfiguration;
			buildSettings = {
				CODE_SIGN_STYLE = Automatic;
				CURRENT_PROJECT_VERSION = 1;
				DEVELOPMENT_TEAM = JG2J3QAPHJ;
				GENERATE_INFOPLIST_FILE = YES;
				MARKETING_VERSION = 1.0;
				PRODUCT_BUNDLE_IDENTIFIER = com.gerardogallegos.HarpieUITests;
				PRODUCT_NAME = "$(TARGET_NAME)";
				SWIFT_EMIT_LOC_STRINGS = NO;
				SWIFT_VERSION = 5.0;
				TARGETED_DEVICE_FAMILY = "1,2";
				TEST_TARGET_NAME = Harpie;
			};
			name = Debug;
		};
		49B3FE692D065A3600FD2A93 /* Release */ = {
			isa = XCBuildConfiguration;
			buildSettings = {
				CODE_SIGN_STYLE = Automatic;
				CURRENT_PROJECT_VERSION = 1;
				DEVELOPMENT_TEAM = JG2J3QAPHJ;
				GENERATE_INFOPLIST_FILE = YES;
				MARKETING_VERSION = 1.0;
				PRODUCT_BUNDLE_IDENTIFIER = com.gerardogallegos.HarpieUITests;
				PRODUCT_NAME = "$(TARGET_NAME)";
				SWIFT_EMIT_LOC_STRINGS = NO;
				SWIFT_VERSION = 5.0;
				TARGETED_DEVICE_FAMILY = "1,2";
				TEST_TARGET_NAME = Harpie;
			};
			name = Release;
		};
/* End XCBuildConfiguration section */

/* Begin XCConfigurationList section */
		49B3FE382D065A3400FD2A93 /* Build configuration list for PBXProject "Harpie" */ = {
			isa = XCConfigurationList;
			buildConfigurations = (
				49B3FE5F2D065A3600FD2A93 /* Debug */,
				49B3FE602D065A3600FD2A93 /* Release */,
			);
			defaultConfigurationIsVisible = 0;
			defaultConfigurationName = Release;
		};
		49B3FE612D065A3600FD2A93 /* Build configuration list for PBXNativeTarget "Harpie" */ = {
			isa = XCConfigurationList;
			buildConfigurations = (
				49B3FE622D065A3600FD2A93 /* Debug */,
				49B3FE632D065A3600FD2A93 /* Release */,
			);
			defaultConfigurationIsVisible = 0;
			defaultConfigurationName = Release;
		};
		49B3FE642D065A3600FD2A93 /* Build configuration list for PBXNativeTarget "HarpieTests" */ = {
			isa = XCConfigurationList;
			buildConfigurations = (
				49B3FE652D065A3600FD2A93 /* Debug */,
				49B3FE662D065A3600FD2A93 /* Release */,
			);
			defaultConfigurationIsVisible = 0;
			defaultConfigurationName = Release;
		};
		49B3FE672D065A3600FD2A93 /* Build configuration list for PBXNativeTarget "HarpieUITests" */ = {
			isa = XCConfigurationList;
			buildConfigurations = (
				49B3FE682D065A3600FD2A93 /* Debug */,
				49B3FE692D065A3600FD2A93 /* Release */,
			);
			defaultConfigurationIsVisible = 0;
			defaultConfigurationName = Release;
		};
/* End XCConfigurationList section */

/* Begin XCRemoteSwiftPackageReference section */
		49B3FE6D2D065B1E00FD2A93 /* XCRemoteSwiftPackageReference "OpenAI" */ = {
			isa = XCRemoteSwiftPackageReference;
			repositoryURL = "https://github.com/MacPaw/OpenAI.git";
			requirement = {
				kind = upToNextMajorVersion;
				minimumVersion = 0.3.0;
			};
		};
		49B3FE702D07862700FD2A93 /* XCRemoteSwiftPackageReference "Alamofire" */ = {
			isa = XCRemoteSwiftPackageReference;
			repositoryURL = "https://github.com/Alamofire/Alamofire.git";
			requirement = {
				kind = upToNextMajorVersion;
				minimumVersion = 5.10.2;
			};
		};
		49C7CD6A2D7BA81C0024A4D6 /* XCRemoteSwiftPackageReference "swift-package-manager-google-mobile-ads" */ = {
			isa = XCRemoteSwiftPackageReference;
			repositoryURL = "https://github.com/googleads/swift-package-manager-google-mobile-ads";
			requirement = {
				kind = upToNextMajorVersion;
				minimumVersion = 12.1.0;
			};
		};
		49F141CF2D5D50A7004A50C1 /* XCRemoteSwiftPackageReference "firebase-ios-sdk" */ = {
			isa = XCRemoteSwiftPackageReference;
			repositoryURL = "https://github.com/firebase/firebase-ios-sdk";
			requirement = {
				kind = upToNextMajorVersion;
				minimumVersion = 11.8.1;
			};
		};
/* End XCRemoteSwiftPackageReference section */

/* Begin XCSwiftPackageProductDependency section */
		49B3FE6E2D065B1E00FD2A93 /* OpenAI */ = {
			isa = XCSwiftPackageProductDependency;
			package = 49B3FE6D2D065B1E00FD2A93 /* XCRemoteSwiftPackageReference "OpenAI" */;
			productName = OpenAI;
		};
		49B3FE712D07862700FD2A93 /* Alamofire */ = {
			isa = XCSwiftPackageProductDependency;
			package = 49B3FE702D07862700FD2A93 /* XCRemoteSwiftPackageReference "Alamofire" */;
			productName = Alamofire;
		};
		49C7CD682D793E570024A4D6 /* FirebaseFirestore */ = {
			isa = XCSwiftPackageProductDependency;
			package = 49F141CF2D5D50A7004A50C1 /* XCRemoteSwiftPackageReference "firebase-ios-sdk" */;
			productName = FirebaseFirestore;
		};
		49C7CD6B2D7BA81C0024A4D6 /* GoogleMobileAds */ = {
			isa = XCSwiftPackageProductDependency;
			package = 49C7CD6A2D7BA81C0024A4D6 /* XCRemoteSwiftPackageReference "swift-package-manager-google-mobile-ads" */;
			productName = GoogleMobileAds;
		};
		49F141D02D5D50A7004A50C1 /* FirebaseAnalytics */ = {
			isa = XCSwiftPackageProductDependency;
			package = 49F141CF2D5D50A7004A50C1 /* XCRemoteSwiftPackageReference "firebase-ios-sdk" */;
			productName = FirebaseAnalytics;
		};
		49F141D22D5D50A7004A50C1 /* FirebaseAppCheck */ = {
			isa = XCSwiftPackageProductDependency;
			package = 49F141CF2D5D50A7004A50C1 /* XCRemoteSwiftPackageReference "firebase-ios-sdk" */;
			productName = FirebaseAppCheck;
		};
/* End XCSwiftPackageProductDependency section */
	};
	rootObject = 49B3FE352D065A3400FD2A93 /* Project object */;
}
